// !$*UTF8*$!
{
	archiveVersion = 1;
	classes = {
	};
	objectVersion = 70;
	objects = {

/* Begin PBXBuildFile section */
		0FCE13E22C20B31400089E4C /* WidgetKit.framework in Frameworks */ = {isa = PBXBuildFile; fileRef = 0FCE13E12C20B31400089E4C /* WidgetKit.framework */; };
		0FCE13E42C20B31400089E4C /* SwiftUI.framework in Frameworks */ = {isa = PBXBuildFile; fileRef = 0FCE13E32C20B31400089E4C /* SwiftUI.framework */; };
		0FCE13E72C20B31400089E4C /* ControlBundle.swift in Sources */ = {isa = PBXBuildFile; fileRef = 0FCE13E62C20B31400089E4C /* ControlBundle.swift */; };
		0FCE13E92C20B31400089E4C /* ControlControl.swift in Sources */ = {isa = PBXBuildFile; fileRef = 0FCE13E82C20B31400089E4C /* ControlControl.swift */; };
		0FCE13EB2C20B31400089E4C /* Control.swift in Sources */ = {isa = PBXBuildFile; fileRef = 0FCE13EA2C20B31400089E4C /* Control.swift */; };
		0FCE13ED2C20B31500089E4C /* Assets.xcassets in Resources */ = {isa = PBXBuildFile; fileRef = 0FCE13EC2C20B31500089E4C /* Assets.xcassets */; };
		0FCE13F12C20B31500089E4C /* ControlExtension.appex in Embed Foundation Extensions */ = {isa = PBXBuildFile; fileRef = 0FCE13DF2C20B31400089E4C /* ControlExtension.appex */; settings = {ATTRIBUTES = (RemoveHeadersOnCopy, ); }; };
		0FD9C1002C17B0FB00BD3CDD /* WWDC24App.swift in Sources */ = {isa = PBXBuildFile; fileRef = 0FD9C0FF2C17B0FB00BD3CDD /* WWDC24App.swift */; };
		0FD9C1022C17B0FB00BD3CDD /* ContentView.swift in Sources */ = {isa = PBXBuildFile; fileRef = 0FD9C1012C17B0FB00BD3CDD /* ContentView.swift */; };
		0FD9C1042C17B0FC00BD3CDD /* Assets.xcassets in Resources */ = {isa = PBXBuildFile; fileRef = 0FD9C1032C17B0FC00BD3CDD /* Assets.xcassets */; };
		0FD9C1072C17B0FC00BD3CDD /* Preview Assets.xcassets in Resources */ = {isa = PBXBuildFile; fileRef = 0FD9C1062C17B0FC00BD3CDD /* Preview Assets.xcassets */; };
		0FD9C1112C17B0FC00BD3CDD /* WWDC24Tests.swift in Sources */ = {isa = PBXBuildFile; fileRef = 0FD9C1102C17B0FC00BD3CDD /* WWDC24Tests.swift */; };
		0FD9C11B2C17B0FC00BD3CDD /* WWDC24UITests.swift in Sources */ = {isa = PBXBuildFile; fileRef = 0FD9C11A2C17B0FC00BD3CDD /* WWDC24UITests.swift */; };
		0FD9C11D2C17B0FC00BD3CDD /* WWDC24UITestsLaunchTests.swift in Sources */ = {isa = PBXBuildFile; fileRef = 0FD9C11C2C17B0FC00BD3CDD /* WWDC24UITestsLaunchTests.swift */; };
/* End PBXBuildFile section */

/* Begin PBXContainerItemProxy section */
		0FCE13EF2C20B31500089E4C /* PBXContainerItemProxy */ = {
			isa = PBXContainerItemProxy;
			containerPortal = 0FD9C0F42C17B0FB00BD3CDD /* Project object */;
			proxyType = 1;
			remoteGlobalIDString = 0FCE13DE2C20B31400089E4C;
			remoteInfo = ControlExtension;
		};
		0FD9C10D2C17B0FC00BD3CDD /* PBXContainerItemProxy */ = {
			isa = PBXContainerItemProxy;
			containerPortal = 0FD9C0F42C17B0FB00BD3CDD /* Project object */;
			proxyType = 1;
			remoteGlobalIDString = 0FD9C0FB2C17B0FB00BD3CDD;
			remoteInfo = WWDC24;
		};
		0FD9C1172C17B0FC00BD3CDD /* PBXContainerItemProxy */ = {
			isa = PBXContainerItemProxy;
			containerPortal = 0FD9C0F42C17B0FB00BD3CDD /* Project object */;
			proxyType = 1;
			remoteGlobalIDString = 0FD9C0FB2C17B0FB00BD3CDD;
			remoteInfo = WWDC24;
		};
/* End PBXContainerItemProxy section */

/* Begin PBXCopyFilesBuildPhase section */
		0FCE13F22C20B31500089E4C /* Embed Foundation Extensions */ = {
			isa = PBXCopyFilesBuildPhase;
			buildActionMask = 2147483647;
			dstPath = "";
			dstSubfolderSpec = 13;
			files = (
				0FCE13F12C20B31500089E4C /* ControlExtension.appex in Embed Foundation Extensions */,
			);
			name = "Embed Foundation Extensions";
			runOnlyForDeploymentPostprocessing = 0;
		};
/* End PBXCopyFilesBuildPhase section */

/* Begin PBXFileReference section */
		0FCE13DF2C20B31400089E4C /* ControlExtension.appex */ = {isa = PBXFileReference; explicitFileType = "wrapper.app-extension"; includeInIndex = 0; path = ControlExtension.appex; sourceTree = BUILT_PRODUCTS_DIR; };
		0FCE13E12C20B31400089E4C /* WidgetKit.framework */ = {isa = PBXFileReference; lastKnownFileType = wrapper.framework; name = WidgetKit.framework; path = System/Library/Frameworks/WidgetKit.framework; sourceTree = SDKROOT; };
		0FCE13E32C20B31400089E4C /* SwiftUI.framework */ = {isa = PBXFileReference; lastKnownFileType = wrapper.framework; name = SwiftUI.framework; path = System/Library/Frameworks/SwiftUI.framework; sourceTree = SDKROOT; };
		0FCE13E62C20B31400089E4C /* ControlBundle.swift */ = {isa = PBXFileReference; lastKnownFileType = sourcecode.swift; path = ControlBundle.swift; sourceTree = "<group>"; };
		0FCE13E82C20B31400089E4C /* ControlControl.swift */ = {isa = PBXFileReference; lastKnownFileType = sourcecode.swift; path = ControlControl.swift; sourceTree = "<group>"; };
		0FCE13EA2C20B31400089E4C /* Control.swift */ = {isa = PBXFileReference; lastKnownFileType = sourcecode.swift; path = Control.swift; sourceTree = "<group>"; };
		0FCE13EC2C20B31500089E4C /* Assets.xcassets */ = {isa = PBXFileReference; lastKnownFileType = folder.assetcatalog; path = Assets.xcassets; sourceTree = "<group>"; };
		0FCE13EE2C20B31500089E4C /* Info.plist */ = {isa = PBXFileReference; lastKnownFileType = text.plist.xml; path = Info.plist; sourceTree = "<group>"; };
		0FD9C0FC2C17B0FB00BD3CDD /* WWDC24.app */ = {isa = PBXFileReference; explicitFileType = wrapper.application; includeInIndex = 0; path = WWDC24.app; sourceTree = BUILT_PRODUCTS_DIR; };
		0FD9C0FF2C17B0FB00BD3CDD /* WWDC24App.swift */ = {isa = PBXFileReference; lastKnownFileType = sourcecode.swift; path = WWDC24App.swift; sourceTree = "<group>"; };
		0FD9C1012C17B0FB00BD3CDD /* ContentView.swift */ = {isa = PBXFileReference; lastKnownFileType = sourcecode.swift; path = ContentView.swift; sourceTree = "<group>"; };
		0FD9C1032C17B0FC00BD3CDD /* Assets.xcassets */ = {isa = PBXFileReference; lastKnownFileType = folder.assetcatalog; path = Assets.xcassets; sourceTree = "<group>"; };
		0FD9C1062C17B0FC00BD3CDD /* Preview Assets.xcassets */ = {isa = PBXFileReference; lastKnownFileType = folder.assetcatalog; path = "Preview Assets.xcassets"; sourceTree = "<group>"; };
		0FD9C10C2C17B0FC00BD3CDD /* WWDC24Tests.xctest */ = {isa = PBXFileReference; explicitFileType = wrapper.cfbundle; includeInIndex = 0; path = WWDC24Tests.xctest; sourceTree = BUILT_PRODUCTS_DIR; };
		0FD9C1102C17B0FC00BD3CDD /* WWDC24Tests.swift */ = {isa = PBXFileReference; lastKnownFileType = sourcecode.swift; path = WWDC24Tests.swift; sourceTree = "<group>"; };
		0FD9C1162C17B0FC00BD3CDD /* WWDC24UITests.xctest */ = {isa = PBXFileReference; explicitFileType = wrapper.cfbundle; includeInIndex = 0; path = WWDC24UITests.xctest; sourceTree = BUILT_PRODUCTS_DIR; };
		0FD9C11A2C17B0FC00BD3CDD /* WWDC24UITests.swift */ = {isa = PBXFileReference; lastKnownFileType = sourcecode.swift; path = WWDC24UITests.swift; sourceTree = "<group>"; };
		0FD9C11C2C17B0FC00BD3CDD /* WWDC24UITestsLaunchTests.swift */ = {isa = PBXFileReference; lastKnownFileType = sourcecode.swift; path = WWDC24UITestsLaunchTests.swift; sourceTree = "<group>"; };
/* End PBXFileReference section */

/* Begin PBXFileSystemSynchronizedRootGroup section */
		0F3AEA342CE2A90B002EC151 /* IngredientAutocompleteView */ = {isa = PBXFileSystemSynchronizedRootGroup; explicitFileTypes = {}; explicitFolders = (); path = IngredientAutocompleteView; sourceTree = "<group>"; };
		0F3AEA352CE2A91D002EC151 /* KeyframeAnimationView */ = {isa = PBXFileSystemSynchronizedRootGroup; explicitFileTypes = {}; explicitFolders = (); path = KeyframeAnimationView; sourceTree = "<group>"; };
		0F3AEA382CE2A948002EC151 /* TodoListView */ = {isa = PBXFileSystemSynchronizedRootGroup; explicitFileTypes = {}; explicitFolders = (); path = TodoListView; sourceTree = "<group>"; };
		0F3AEA392CE2AA99002EC151 /* GearView */ = {isa = PBXFileSystemSynchronizedRootGroup; explicitFileTypes = {}; explicitFolders = (); path = GearView; sourceTree = "<group>"; };
		0F3AEA3A2CE2AABE002EC151 /* WheelPickerView */ = {isa = PBXFileSystemSynchronizedRootGroup; explicitFileTypes = {}; explicitFolders = (); path = WheelPickerView; sourceTree = "<group>"; };
		0F3AEA3B2CE2AAE1002EC151 /* TruckView */ = {isa = PBXFileSystemSynchronizedRootGroup; explicitFileTypes = {}; explicitFolders = (); path = TruckView; sourceTree = "<group>"; };
		0F3AEA3C2CE2AB18002EC151 /* PulsatingCircleView */ = {isa = PBXFileSystemSynchronizedRootGroup; explicitFileTypes = {}; explicitFolders = (); path = PulsatingCircleView; sourceTree = "<group>"; };
		0F3AEA3D2CE2AB7E002EC151 /* PetTheDogButton */ = {isa = PBXFileSystemSynchronizedRootGroup; explicitFileTypes = {}; explicitFolders = (); path = PetTheDogButton; sourceTree = "<group>"; };
		0F3AEA3E2CE2ABEF002EC151 /* MeshGradientWithWheelPickerView */ = {isa = PBXFileSystemSynchronizedRootGroup; explicitFileTypes = {}; explicitFolders = (); path = MeshGradientWithWheelPickerView; sourceTree = "<group>"; };
		0F3AEA3F2CE2B065002EC151 /* RotatingBorderRectangle */ = {isa = PBXFileSystemSynchronizedRootGroup; explicitFileTypes = {}; explicitFolders = (); path = RotatingBorderRectangle; sourceTree = "<group>"; };
		0F3AEA402CE2B0F7002EC151 /* RainbowSpinnerView */ = {isa = PBXFileSystemSynchronizedRootGroup; explicitFileTypes = {}; explicitFolders = (); path = RainbowSpinnerView; sourceTree = "<group>"; };
		0F3AEA412CE2B360002EC151 /* BreathingExerciseView */ = {isa = PBXFileSystemSynchronizedRootGroup; explicitFileTypes = {}; explicitFolders = (); path = BreathingExerciseView; sourceTree = "<group>"; };
/* End PBXFileSystemSynchronizedRootGroup section */

/* Begin PBXFrameworksBuildPhase section */
		0FCE13DC2C20B31400089E4C /* Frameworks */ = {
			isa = PBXFrameworksBuildPhase;
			buildActionMask = 2147483647;
			files = (
				0FCE13E42C20B31400089E4C /* SwiftUI.framework in Frameworks */,
				0FCE13E22C20B31400089E4C /* WidgetKit.framework in Frameworks */,
			);
			runOnlyForDeploymentPostprocessing = 0;
		};
		0FD9C0F92C17B0FB00BD3CDD /* Frameworks */ = {
			isa = PBXFrameworksBuildPhase;
			buildActionMask = 2147483647;
			files = (
			);
			runOnlyForDeploymentPostprocessing = 0;
		};
		0FD9C1092C17B0FC00BD3CDD /* Frameworks */ = {
			isa = PBXFrameworksBuildPhase;
			buildActionMask = 2147483647;
			files = (
			);
			runOnlyForDeploymentPostprocessing = 0;
		};
		0FD9C1132C17B0FC00BD3CDD /* Frameworks */ = {
			isa = PBXFrameworksBuildPhase;
			buildActionMask = 2147483647;
			files = (
			);
			runOnlyForDeploymentPostprocessing = 0;
		};
/* End PBXFrameworksBuildPhase section */

/* Begin PBXGroup section */
		0F9F09C72C2B4C7E004D121D /* Components */ = {
			isa = PBXGroup;
			children = (
				0F3AEA352CE2A91D002EC151 /* KeyframeAnimationView */,
				0F3AEA342CE2A90B002EC151 /* IngredientAutocompleteView */,
				0F3AEA382CE2A948002EC151 /* TodoListView */,
				0F3AEA392CE2AA99002EC151 /* GearView */,
				0F3AEA3A2CE2AABE002EC151 /* WheelPickerView */,
				0F3AEA3B2CE2AAE1002EC151 /* TruckView */,
				0F3AEA3C2CE2AB18002EC151 /* PulsatingCircleView */,
				0F3AEA3D2CE2AB7E002EC151 /* PetTheDogButton */,
				0F3AEA3E2CE2ABEF002EC151 /* MeshGradientWithWheelPickerView */,
				0F3AEA3F2CE2B065002EC151 /* RotatingBorderRectangle */,
				0F3AEA402CE2B0F7002EC151 /* RainbowSpinnerView */,
				0F3AEA412CE2B360002EC151 /* BreathingExerciseView */,
			);
			path = Components;
			sourceTree = "<group>";
		};
		0FCE13E02C20B31400089E4C /* Frameworks */ = {
			isa = PBXGroup;
			children = (
				0FCE13E12C20B31400089E4C /* WidgetKit.framework */,
				0FCE13E32C20B31400089E4C /* SwiftUI.framework */,
			);
			name = Frameworks;
			sourceTree = "<group>";
		};
		0FCE13E52C20B31400089E4C /* Control */ = {
			isa = PBXGroup;
			children = (
				0FCE13E62C20B31400089E4C /* ControlBundle.swift */,
				0FCE13E82C20B31400089E4C /* ControlControl.swift */,
				0FCE13EA2C20B31400089E4C /* Control.swift */,
				0FCE13EC2C20B31500089E4C /* Assets.xcassets */,
				0FCE13EE2C20B31500089E4C /* Info.plist */,
			);
			path = Control;
			sourceTree = "<group>";
		};
		0FD9C0F32C17B0FB00BD3CDD = {
			isa = PBXGroup;
			children = (
				0FD9C0FE2C17B0FB00BD3CDD /* WWDC24 */,
				0FD9C10F2C17B0FC00BD3CDD /* WWDC24Tests */,
				0FD9C1192C17B0FC00BD3CDD /* WWDC24UITests */,
				0FCE13E52C20B31400089E4C /* Control */,
				0FCE13E02C20B31400089E4C /* Frameworks */,
				0FD9C0FD2C17B0FB00BD3CDD /* Products */,
			);
			sourceTree = "<group>";
		};
		0FD9C0FD2C17B0FB00BD3CDD /* Products */ = {
			isa = PBXGroup;
			children = (
				0FD9C0FC2C17B0FB00BD3CDD /* WWDC24.app */,
				0FD9C10C2C17B0FC00BD3CDD /* WWDC24Tests.xctest */,
				0FD9C1162C17B0FC00BD3CDD /* WWDC24UITests.xctest */,
				0FCE13DF2C20B31400089E4C /* ControlExtension.appex */,
			);
			name = Products;
			sourceTree = "<group>";
		};
		0FD9C0FE2C17B0FB00BD3CDD /* WWDC24 */ = {
			isa = PBXGroup;
			children = (
				0FD9C0FF2C17B0FB00BD3CDD /* WWDC24App.swift */,
				0FD9C1012C17B0FB00BD3CDD /* ContentView.swift */,
				0FD9C1032C17B0FC00BD3CDD /* Assets.xcassets */,
				0F9F09C72C2B4C7E004D121D /* Components */,
				0FD9C1052C17B0FC00BD3CDD /* Preview Content */,
			);
			path = WWDC24;
			sourceTree = "<group>";
		};
		0FD9C1052C17B0FC00BD3CDD /* Preview Content */ = {
			isa = PBXGroup;
			children = (
				0FD9C1062C17B0FC00BD3CDD /* Preview Assets.xcassets */,
			);
			path = "Preview Content";
			sourceTree = "<group>";
		};
		0FD9C10F2C17B0FC00BD3CDD /* WWDC24Tests */ = {
			isa = PBXGroup;
			children = (
				0FD9C1102C17B0FC00BD3CDD /* WWDC24Tests.swift */,
			);
			path = WWDC24Tests;
			sourceTree = "<group>";
		};
		0FD9C1192C17B0FC00BD3CDD /* WWDC24UITests */ = {
			isa = PBXGroup;
			children = (
				0FD9C11A2C17B0FC00BD3CDD /* WWDC24UITests.swift */,
				0FD9C11C2C17B0FC00BD3CDD /* WWDC24UITestsLaunchTests.swift */,
			);
			path = WWDC24UITests;
			sourceTree = "<group>";
		};
/* End PBXGroup section */

/* Begin PBXNativeTarget section */
		0FCE13DE2C20B31400089E4C /* ControlExtension */ = {
			isa = PBXNativeTarget;
			buildConfigurationList = 0FCE13F52C20B31500089E4C /* Build configuration list for PBXNativeTarget "ControlExtension" */;
			buildPhases = (
				0FCE13DB2C20B31400089E4C /* Sources */,
				0FCE13DC2C20B31400089E4C /* Frameworks */,
				0FCE13DD2C20B31400089E4C /* Resources */,
			);
			buildRules = (
			);
			dependencies = (
			);
			name = ControlExtension;
			productName = ControlExtension;
			productReference = 0FCE13DF2C20B31400089E4C /* ControlExtension.appex */;
			productType = "com.apple.product-type.app-extension";
		};
		0FD9C0FB2C17B0FB00BD3CDD /* WWDC24 */ = {
			isa = PBXNativeTarget;
			buildConfigurationList = 0FD9C1202C17B0FC00BD3CDD /* Build configuration list for PBXNativeTarget "WWDC24" */;
			buildPhases = (
				0FD9C0F82C17B0FB00BD3CDD /* Sources */,
				0FD9C0F92C17B0FB00BD3CDD /* Frameworks */,
				0FD9C0FA2C17B0FB00BD3CDD /* Resources */,
				0FCE13F22C20B31500089E4C /* Embed Foundation Extensions */,
			);
			buildRules = (
			);
			dependencies = (
				0FCE13F02C20B31500089E4C /* PBXTargetDependency */,
			);
			fileSystemSynchronizedGroups = (
				0F3AEA342CE2A90B002EC151 /* IngredientAutocompleteView */,
				0F3AEA352CE2A91D002EC151 /* KeyframeAnimationView */,
				0F3AEA382CE2A948002EC151 /* TodoListView */,
				0F3AEA392CE2AA99002EC151 /* GearView */,
				0F3AEA3A2CE2AABE002EC151 /* WheelPickerView */,
				0F3AEA3B2CE2AAE1002EC151 /* TruckView */,
				0F3AEA3C2CE2AB18002EC151 /* PulsatingCircleView */,
				0F3AEA3D2CE2AB7E002EC151 /* PetTheDogButton */,
				0F3AEA3E2CE2ABEF002EC151 /* MeshGradientWithWheelPickerView */,
				0F3AEA3F2CE2B065002EC151 /* RotatingBorderRectangle */,
				0F3AEA402CE2B0F7002EC151 /* RainbowSpinnerView */,
				0F3AEA412CE2B360002EC151 /* BreathingExerciseView */,
			);
			name = WWDC24;
			productName = WWDC24;
			productReference = 0FD9C0FC2C17B0FB00BD3CDD /* WWDC24.app */;
			productType = "com.apple.product-type.application";
		};
		0FD9C10B2C17B0FC00BD3CDD /* WWDC24Tests */ = {
			isa = PBXNativeTarget;
			buildConfigurationList = 0FD9C1232C17B0FC00BD3CDD /* Build configuration list for PBXNativeTarget "WWDC24Tests" */;
			buildPhases = (
				0FD9C1082C17B0FC00BD3CDD /* Sources */,
				0FD9C1092C17B0FC00BD3CDD /* Frameworks */,
				0FD9C10A2C17B0FC00BD3CDD /* Resources */,
			);
			buildRules = (
			);
			dependencies = (
				0FD9C10E2C17B0FC00BD3CDD /* PBXTargetDependency */,
			);
			name = WWDC24Tests;
			productName = WWDC24Tests;
			productReference = 0FD9C10C2C17B0FC00BD3CDD /* WWDC24Tests.xctest */;
			productType = "com.apple.product-type.bundle.unit-test";
		};
		0FD9C1152C17B0FC00BD3CDD /* WWDC24UITests */ = {
			isa = PBXNativeTarget;
			buildConfigurationList = 0FD9C1262C17B0FC00BD3CDD /* Build configuration list for PBXNativeTarget "WWDC24UITests" */;
			buildPhases = (
				0FD9C1122C17B0FC00BD3CDD /* Sources */,
				0FD9C1132C17B0FC00BD3CDD /* Frameworks */,
				0FD9C1142C17B0FC00BD3CDD /* Resources */,
			);
			buildRules = (
			);
			dependencies = (
				0FD9C1182C17B0FC00BD3CDD /* PBXTargetDependency */,
			);
			name = WWDC24UITests;
			productName = WWDC24UITests;
			productReference = 0FD9C1162C17B0FC00BD3CDD /* WWDC24UITests.xctest */;
			productType = "com.apple.product-type.bundle.ui-testing";
		};
/* End PBXNativeTarget section */

/* Begin PBXProject section */
		0FD9C0F42C17B0FB00BD3CDD /* Project object */ = {
			isa = PBXProject;
			attributes = {
				BuildIndependentTargetsInParallel = 1;
				LastSwiftUpdateCheck = 1600;
				LastUpgradeCheck = 1600;
				TargetAttributes = {
					0FCE13DE2C20B31400089E4C = {
						CreatedOnToolsVersion = 16.0;
					};
					0FD9C0FB2C17B0FB00BD3CDD = {
						CreatedOnToolsVersion = 16.0;
					};
					0FD9C10B2C17B0FC00BD3CDD = {
						CreatedOnToolsVersion = 16.0;
						TestTargetID = 0FD9C0FB2C17B0FB00BD3CDD;
					};
					0FD9C1152C17B0FC00BD3CDD = {
						CreatedOnToolsVersion = 16.0;
						TestTargetID = 0FD9C0FB2C17B0FB00BD3CDD;
					};
				};
			};
			buildConfigurationList = 0FD9C0F72C17B0FB00BD3CDD /* Build configuration list for PBXProject "WWDC24" */;
			compatibilityVersion = "Xcode 15.0";
			developmentRegion = en;
			hasScannedForEncodings = 0;
			knownRegions = (
				en,
				Base,
			);
			mainGroup = 0FD9C0F32C17B0FB00BD3CDD;
			productRefGroup = 0FD9C0FD2C17B0FB00BD3CDD /* Products */;
			projectDirPath = "";
			projectRoot = "";
			targets = (
				0FD9C0FB2C17B0FB00BD3CDD /* WWDC24 */,
				0FD9C10B2C17B0FC00BD3CDD /* WWDC24Tests */,
				0FD9C1152C17B0FC00BD3CDD /* WWDC24UITests */,
				0FCE13DE2C20B31400089E4C /* ControlExtension */,
			);
		};
/* End PBXProject section */

/* Begin PBXResourcesBuildPhase section */
		0FCE13DD2C20B31400089E4C /* Resources */ = {
			isa = PBXResourcesBuildPhase;
			buildActionMask = 2147483647;
			files = (
				0FCE13ED2C20B31500089E4C /* Assets.xcassets in Resources */,
			);
			runOnlyForDeploymentPostprocessing = 0;
		};
		0FD9C0FA2C17B0FB00BD3CDD /* Resources */ = {
			isa = PBXResourcesBuildPhase;
			buildActionMask = 2147483647;
			files = (
				0FD9C1072C17B0FC00BD3CDD /* Preview Assets.xcassets in Resources */,
				0FD9C1042C17B0FC00BD3CDD /* Assets.xcassets in Resources */,
			);
			runOnlyForDeploymentPostprocessing = 0;
		};
		0FD9C10A2C17B0FC00BD3CDD /* Resources */ = {
			isa = PBXResourcesBuildPhase;
			buildActionMask = 2147483647;
			files = (
			);
			runOnlyForDeploymentPostprocessing = 0;
		};
		0FD9C1142C17B0FC00BD3CDD /* Resources */ = {
			isa = PBXResourcesBuildPhase;
			buildActionMask = 2147483647;
			files = (
			);
			runOnlyForDeploymentPostprocessing = 0;
		};
/* End PBXResourcesBuildPhase section */

/* Begin PBXSourcesBuildPhase section */
		0FCE13DB2C20B31400089E4C /* Sources */ = {
			isa = PBXSourcesBuildPhase;
			buildActionMask = 2147483647;
			files = (
				0FCE13E72C20B31400089E4C /* ControlBundle.swift in Sources */,
				0FCE13E92C20B31400089E4C /* ControlControl.swift in Sources */,
				0FCE13EB2C20B31400089E4C /* Control.swift in Sources */,
			);
			runOnlyForDeploymentPostprocessing = 0;
		};
		0FD9C0F82C17B0FB00BD3CDD /* Sources */ = {
			isa = PBXSourcesBuildPhase;
			buildActionMask = 2147483647;
			files = (
				0FD9C1022C17B0FB00BD3CDD /* ContentView.swift in Sources */,
				0FD9C1002C17B0FB00BD3CDD /* WWDC24App.swift in Sources */,
			);
			runOnlyForDeploymentPostprocessing = 0;
		};
		0FD9C1082C17B0FC00BD3CDD /* Sources */ = {
			isa = PBXSourcesBuildPhase;
			buildActionMask = 2147483647;
			files = (
				0FD9C1112C17B0FC00BD3CDD /* WWDC24Tests.swift in Sources */,
			);
			runOnlyForDeploymentPostprocessing = 0;
		};
		0FD9C1122C17B0FC00BD3CDD /* Sources */ = {
			isa = PBXSourcesBuildPhase;
			buildActionMask = 2147483647;
			files = (
				0FD9C11B2C17B0FC00BD3CDD /* WWDC24UITests.swift in Sources */,
				0FD9C11D2C17B0FC00BD3CDD /* WWDC24UITestsLaunchTests.swift in Sources */,
			);
			runOnlyForDeploymentPostprocessing = 0;
		};
/* End PBXSourcesBuildPhase section */

/* Begin PBXTargetDependency section */
		0FCE13F02C20B31500089E4C /* PBXTargetDependency */ = {
			isa = PBXTargetDependency;
			target = 0FCE13DE2C20B31400089E4C /* ControlExtension */;
			targetProxy = 0FCE13EF2C20B31500089E4C /* PBXContainerItemProxy */;
		};
		0FD9C10E2C17B0FC00BD3CDD /* PBXTargetDependency */ = {
			isa = PBXTargetDependency;
			target = 0FD9C0FB2C17B0FB00BD3CDD /* WWDC24 */;
			targetProxy = 0FD9C10D2C17B0FC00BD3CDD /* PBXContainerItemProxy */;
		};
		0FD9C1182C17B0FC00BD3CDD /* PBXTargetDependency */ = {
			isa = PBXTargetDependency;
			target = 0FD9C0FB2C17B0FB00BD3CDD /* WWDC24 */;
			targetProxy = 0FD9C1172C17B0FC00BD3CDD /* PBXContainerItemProxy */;
		};
/* End PBXTargetDependency section */

/* Begin XCBuildConfiguration section */
		0FCE13F32C20B31500089E4C /* Debug */ = {
			isa = XCBuildConfiguration;
			buildSettings = {
				ASSETCATALOG_COMPILER_GLOBAL_ACCENT_COLOR_NAME = AccentColor;
				ASSETCATALOG_COMPILER_WIDGET_BACKGROUND_COLOR_NAME = WidgetBackground;
				CODE_SIGN_STYLE = Automatic;
				CURRENT_PROJECT_VERSION = 1;
				DEVELOPMENT_TEAM = S5C52P9PGP;
				GENERATE_INFOPLIST_FILE = YES;
				INFOPLIST_FILE = Control/Info.plist;
				INFOPLIST_KEY_CFBundleDisplayName = Control;
				INFOPLIST_KEY_NSHumanReadableCopyright = "";
				LD_RUNPATH_SEARCH_PATHS = (
					"$(inherited)",
					"@executable_path/Frameworks",
					"@executable_path/../../Frameworks",
				);
				MARKETING_VERSION = 1.0;
				PRODUCT_BUNDLE_IDENTIFIER = com.WWDC24.Control;
				PRODUCT_NAME = "$(TARGET_NAME)";
				SKIP_INSTALL = YES;
				SWIFT_EMIT_LOC_STRINGS = YES;
				SWIFT_VERSION = 6.0;
				TARGETED_DEVICE_FAMILY = "1,2";
			};
			name = Debug;
		};
		0FCE13F42C20B31500089E4C /* Release */ = {
			isa = XCBuildConfiguration;
			buildSettings = {
				ASSETCATALOG_COMPILER_GLOBAL_ACCENT_COLOR_NAME = AccentColor;
				ASSETCATALOG_COMPILER_WIDGET_BACKGROUND_COLOR_NAME = WidgetBackground;
				CODE_SIGN_STYLE = Automatic;
				CURRENT_PROJECT_VERSION = 1;
				DEVELOPMENT_TEAM = S5C52P9PGP;
				GENERATE_INFOPLIST_FILE = YES;
				INFOPLIST_FILE = Control/Info.plist;
				INFOPLIST_KEY_CFBundleDisplayName = Control;
				INFOPLIST_KEY_NSHumanReadableCopyright = "";
				LD_RUNPATH_SEARCH_PATHS = (
					"$(inherited)",
					"@executable_path/Frameworks",
					"@executable_path/../../Frameworks",
				);
				MARKETING_VERSION = 1.0;
				PRODUCT_BUNDLE_IDENTIFIER = com.WWDC24.Control;
				PRODUCT_NAME = "$(TARGET_NAME)";
				SKIP_INSTALL = YES;
				SWIFT_EMIT_LOC_STRINGS = YES;
				SWIFT_VERSION = 6.0;
				TARGETED_DEVICE_FAMILY = "1,2";
			};
			name = Release;
		};
		0FD9C11E2C17B0FC00BD3CDD /* Debug */ = {
			isa = XCBuildConfiguration;
			buildSettings = {
				ALWAYS_SEARCH_USER_PATHS = NO;
				ASSETCATALOG_COMPILER_GENERATE_SWIFT_ASSET_SYMBOL_EXTENSIONS = YES;
				CLANG_ANALYZER_NONNULL = YES;
				CLANG_ANALYZER_NUMBER_OBJECT_CONVERSION = YES_AGGRESSIVE;
				CLANG_CXX_LANGUAGE_STANDARD = "gnu++20";
				CLANG_ENABLE_MODULES = YES;
				CLANG_ENABLE_OBJC_ARC = YES;
				CLANG_ENABLE_OBJC_WEAK = YES;
				CLANG_WARN_BLOCK_CAPTURE_AUTORELEASING = YES;
				CLANG_WARN_BOOL_CONVERSION = YES;
				CLANG_WARN_COMMA = YES;
				CLANG_WARN_CONSTANT_CONVERSION = YES;
				CLANG_WARN_DEPRECATED_OBJC_IMPLEMENTATIONS = YES;
				CLANG_WARN_DIRECT_OBJC_ISA_USAGE = YES_ERROR;
				CLANG_WARN_DOCUMENTATION_COMMENTS = YES;
				CLANG_WARN_EMPTY_BODY = YES;
				CLANG_WARN_ENUM_CONVERSION = YES;
				CLANG_WARN_INFINITE_RECURSION = YES;
				CLANG_WARN_INT_CONVERSION = YES;
				CLANG_WARN_NON_LITERAL_NULL_CONVERSION = YES;
				CLANG_WARN_OBJC_IMPLICIT_RETAIN_SELF = YES;
				CLANG_WARN_OBJC_LITERAL_CONVERSION = YES;
				CLANG_WARN_OBJC_ROOT_CLASS = YES_ERROR;
				CLANG_WARN_QUOTED_INCLUDE_IN_FRAMEWORK_HEADER = YES;
				CLANG_WARN_RANGE_LOOP_ANALYSIS = YES;
				CLANG_WARN_STRICT_PROTOTYPES = YES;
				CLANG_WARN_SUSPICIOUS_MOVE = YES;
				CLANG_WARN_UNGUARDED_AVAILABILITY = YES_AGGRESSIVE;
				CLANG_WARN_UNREACHABLE_CODE = YES;
				CLANG_WARN__DUPLICATE_METHOD_MATCH = YES;
				COPY_PHASE_STRIP = NO;
				DEBUG_INFORMATION_FORMAT = dwarf;
				ENABLE_STRICT_OBJC_MSGSEND = YES;
				ENABLE_TESTABILITY = YES;
				ENABLE_USER_SCRIPT_SANDBOXING = YES;
				GCC_C_LANGUAGE_STANDARD = gnu17;
				GCC_DYNAMIC_NO_PIC = NO;
				GCC_NO_COMMON_BLOCKS = YES;
				GCC_OPTIMIZATION_LEVEL = 0;
				GCC_PREPROCESSOR_DEFINITIONS = (
					"DEBUG=1",
					"$(inherited)",
				);
				GCC_WARN_64_TO_32_BIT_CONVERSION = YES;
				GCC_WARN_ABOUT_RETURN_TYPE = YES_ERROR;
				GCC_WARN_UNDECLARED_SELECTOR = YES;
				GCC_WARN_UNINITIALIZED_AUTOS = YES_AGGRESSIVE;
				GCC_WARN_UNUSED_FUNCTION = YES;
				GCC_WARN_UNUSED_VARIABLE = YES;
				IPHONEOS_DEPLOYMENT_TARGET = 18.0;
				LOCALIZATION_PREFERS_STRING_CATALOGS = YES;
				MTL_ENABLE_DEBUG_INFO = INCLUDE_SOURCE;
				MTL_FAST_MATH = YES;
				ONLY_ACTIVE_ARCH = YES;
				SDKROOT = iphoneos;
				SWIFT_ACTIVE_COMPILATION_CONDITIONS = "DEBUG $(inherited)";
				SWIFT_OPTIMIZATION_LEVEL = "-Onone";
			};
			name = Debug;
		};
		0FD9C11F2C17B0FC00BD3CDD /* Release */ = {
			isa = XCBuildConfiguration;
			buildSettings = {
				ALWAYS_SEARCH_USER_PATHS = NO;
				ASSETCATALOG_COMPILER_GENERATE_SWIFT_ASSET_SYMBOL_EXTENSIONS = YES;
				CLANG_ANALYZER_NONNULL = YES;
				CLANG_ANALYZER_NUMBER_OBJECT_CONVERSION = YES_AGGRESSIVE;
				CLANG_CXX_LANGUAGE_STANDARD = "gnu++20";
				CLANG_ENABLE_MODULES = YES;
				CLANG_ENABLE_OBJC_ARC = YES;
				CLANG_ENABLE_OBJC_WEAK = YES;
				CLANG_WARN_BLOCK_CAPTURE_AUTORELEASING = YES;
				CLANG_WARN_BOOL_CONVERSION = YES;
				CLANG_WARN_COMMA = YES;
				CLANG_WARN_CONSTANT_CONVERSION = YES;
				CLANG_WARN_DEPRECATED_OBJC_IMPLEMENTATIONS = YES;
				CLANG_WARN_DIRECT_OBJC_ISA_USAGE = YES_ERROR;
				CLANG_WARN_DOCUMENTATION_COMMENTS = YES;
				CLANG_WARN_EMPTY_BODY = YES;
				CLANG_WARN_ENUM_CONVERSION = YES;
				CLANG_WARN_INFINITE_RECURSION = YES;
				CLANG_WARN_INT_CONVERSION = YES;
				CLANG_WARN_NON_LITERAL_NULL_CONVERSION = YES;
				CLANG_WARN_OBJC_IMPLICIT_RETAIN_SELF = YES;
				CLANG_WARN_OBJC_LITERAL_CONVERSION = YES;
				CLANG_WARN_OBJC_ROOT_CLASS = YES_ERROR;
				CLANG_WARN_QUOTED_INCLUDE_IN_FRAMEWORK_HEADER = YES;
				CLANG_WARN_RANGE_LOOP_ANALYSIS = YES;
				CLANG_WARN_STRICT_PROTOTYPES = YES;
				CLANG_WARN_SUSPICIOUS_MOVE = YES;
				CLANG_WARN_UNGUARDED_AVAILABILITY = YES_AGGRESSIVE;
				CLANG_WARN_UNREACHABLE_CODE = YES;
				CLANG_WARN__DUPLICATE_METHOD_MATCH = YES;
				COPY_PHASE_STRIP = NO;
				DEBUG_INFORMATION_FORMAT = "dwarf-with-dsym";
				ENABLE_NS_ASSERTIONS = NO;
				ENABLE_STRICT_OBJC_MSGSEND = YES;
				ENABLE_USER_SCRIPT_SANDBOXING = YES;
				GCC_C_LANGUAGE_STANDARD = gnu17;
				GCC_NO_COMMON_BLOCKS = YES;
				GCC_WARN_64_TO_32_BIT_CONVERSION = YES;
				GCC_WARN_ABOUT_RETURN_TYPE = YES_ERROR;
				GCC_WARN_UNDECLARED_SELECTOR = YES;
				GCC_WARN_UNINITIALIZED_AUTOS = YES_AGGRESSIVE;
				GCC_WARN_UNUSED_FUNCTION = YES;
				GCC_WARN_UNUSED_VARIABLE = YES;
				IPHONEOS_DEPLOYMENT_TARGET = 18.0;
				LOCALIZATION_PREFERS_STRING_CATALOGS = YES;
				MTL_ENABLE_DEBUG_INFO = NO;
				MTL_FAST_MATH = YES;
				SDKROOT = iphoneos;
				SWIFT_COMPILATION_MODE = wholemodule;
				VALIDATE_PRODUCT = YES;
			};
			name = Release;
		};
		0FD9C1212C17B0FC00BD3CDD /* Debug */ = {
			isa = XCBuildConfiguration;
			buildSettings = {
				ASSETCATALOG_COMPILER_APPICON_NAME = AppIcon;
				ASSETCATALOG_COMPILER_GLOBAL_ACCENT_COLOR_NAME = AccentColor;
				CODE_SIGN_STYLE = Automatic;
				CURRENT_PROJECT_VERSION = 1;
				DEVELOPMENT_ASSET_PATHS = "\"WWDC24/Preview Content\"";
				DEVELOPMENT_TEAM = S5C52P9PGP;
				ENABLE_PREVIEWS = YES;
				GENERATE_INFOPLIST_FILE = YES;
				INFOPLIST_KEY_CFBundleDisplayName = CookAI;
				INFOPLIST_KEY_NSPhotoLibraryUsageDescription = "";
				INFOPLIST_KEY_UIApplicationSceneManifest_Generation = YES;
				INFOPLIST_KEY_UIApplicationSupportsIndirectInputEvents = YES;
				INFOPLIST_KEY_UILaunchScreen_Generation = YES;
				INFOPLIST_KEY_UISupportedInterfaceOrientations_iPad = "UIInterfaceOrientationPortrait UIInterfaceOrientationPortraitUpsideDown UIInterfaceOrientationLandscapeLeft UIInterfaceOrientationLandscapeRight";
				INFOPLIST_KEY_UISupportedInterfaceOrientations_iPhone = "UIInterfaceOrientationPortrait UIInterfaceOrientationLandscapeLeft UIInterfaceOrientationLandscapeRight";
				IPHONEOS_DEPLOYMENT_TARGET = 17.5;
				LD_RUNPATH_SEARCH_PATHS = (
					"$(inherited)",
					"@executable_path/Frameworks",
				);
				MARKETING_VERSION = 1.0;
				PRODUCT_BUNDLE_IDENTIFIER = com.WWDC24;
				PRODUCT_NAME = "$(TARGET_NAME)";
				SWIFT_EMIT_LOC_STRINGS = YES;
				SWIFT_VERSION = 6.0;
				TARGETED_DEVICE_FAMILY = "1,2";
			};
			name = Debug;
		};
		0FD9C1222C17B0FC00BD3CDD /* Release */ = {
			isa = XCBuildConfiguration;
			buildSettings = {
				ASSETCATALOG_COMPILER_APPICON_NAME = AppIcon;
				ASSETCATALOG_COMPILER_GLOBAL_ACCENT_COLOR_NAME = AccentColor;
				CODE_SIGN_STYLE = Automatic;
				CURRENT_PROJECT_VERSION = 1;
				DEVELOPMENT_ASSET_PATHS = "\"WWDC24/Preview Content\"";
				DEVELOPMENT_TEAM = S5C52P9PGP;
				ENABLE_PREVIEWS = YES;
				GENERATE_INFOPLIST_FILE = YES;
				INFOPLIST_KEY_CFBundleDisplayName = CookAI;
				INFOPLIST_KEY_NSPhotoLibraryUsageDescription = "";
				INFOPLIST_KEY_UIApplicationSceneManifest_Generation = YES;
				INFOPLIST_KEY_UIApplicationSupportsIndirectInputEvents = YES;
				INFOPLIST_KEY_UILaunchScreen_Generation = YES;
				INFOPLIST_KEY_UISupportedInterfaceOrientations_iPad = "UIInterfaceOrientationPortrait UIInterfaceOrientationPortraitUpsideDown UIInterfaceOrientationLandscapeLeft UIInterfaceOrientationLandscapeRight";
				INFOPLIST_KEY_UISupportedInterfaceOrientations_iPhone = "UIInterfaceOrientationPortrait UIInterfaceOrientationLandscapeLeft UIInterfaceOrientationLandscapeRight";
				IPHONEOS_DEPLOYMENT_TARGET = 17.5;
				LD_RUNPATH_SEARCH_PATHS = (
					"$(inherited)",
					"@executable_path/Frameworks",
				);
				MARKETING_VERSION = 1.0;
				PRODUCT_BUNDLE_IDENTIFIER = com.WWDC24;
				PRODUCT_NAME = "$(TARGET_NAME)";
				SWIFT_EMIT_LOC_STRINGS = YES;
				SWIFT_VERSION = 6.0;
				TARGETED_DEVICE_FAMILY = "1,2";
			};
			name = Release;
		};
		0FD9C1242C17B0FC00BD3CDD /* Debug */ = {
			isa = XCBuildConfiguration;
			buildSettings = {
				BUNDLE_LOADER = "$(TEST_HOST)";
				CODE_SIGN_STYLE = Automatic;
				CURRENT_PROJECT_VERSION = 1;
				DEVELOPMENT_TEAM = S5C52P9PGP;
				GENERATE_INFOPLIST_FILE = YES;
				IPHONEOS_DEPLOYMENT_TARGET = 18.0;
				MARKETING_VERSION = 1.0;
				PRODUCT_BUNDLE_IDENTIFIER = com.WWDC24Tests;
				PRODUCT_NAME = "$(TARGET_NAME)";
				SWIFT_EMIT_LOC_STRINGS = NO;
				SWIFT_VERSION = 5.0;
				TARGETED_DEVICE_FAMILY = "1,2";
				TEST_HOST = "$(BUILT_PRODUCTS_DIR)/WWDC24.app/$(BUNDLE_EXECUTABLE_FOLDER_PATH)/WWDC24";
			};
			name = Debug;
		};
		0FD9C1252C17B0FC00BD3CDD /* Release */ = {
			isa = XCBuildConfiguration;
			buildSettings = {
				BUNDLE_LOADER = "$(TEST_HOST)";
				CODE_SIGN_STYLE = Automatic;
				CURRENT_PROJECT_VERSION = 1;
				DEVELOPMENT_TEAM = S5C52P9PGP;
				GENERATE_INFOPLIST_FILE = YES;
				IPHONEOS_DEPLOYMENT_TARGET = 18.0;
				MARKETING_VERSION = 1.0;
				PRODUCT_BUNDLE_IDENTIFIER = com.WWDC24Tests;
				PRODUCT_NAME = "$(TARGET_NAME)";
				SWIFT_EMIT_LOC_STRINGS = NO;
				SWIFT_VERSION = 5.0;
				TARGETED_DEVICE_FAMILY = "1,2";
				TEST_HOST = "$(BUILT_PRODUCTS_DIR)/WWDC24.app/$(BUNDLE_EXECUTABLE_FOLDER_PATH)/WWDC24";
			};
			name = Release;
		};
		0FD9C1272C17B0FC00BD3CDD /* Debug */ = {
			isa = XCBuildConfiguration;
			buildSettings = {
				CODE_SIGN_STYLE = Automatic;
				CURRENT_PROJECT_VERSION = 1;
				DEVELOPMENT_TEAM = S5C52P9PGP;
				GENERATE_INFOPLIST_FILE = YES;
				MARKETING_VERSION = 1.0;
				PRODUCT_BUNDLE_IDENTIFIER = com.WWDC24UITests;
				PRODUCT_NAME = "$(TARGET_NAME)";
				SWIFT_EMIT_LOC_STRINGS = NO;
				SWIFT_VERSION = 5.0;
				TARGETED_DEVICE_FAMILY = "1,2";
				TEST_TARGET_NAME = WWDC24;
			};
			name = Debug;
		};
		0FD9C1282C17B0FC00BD3CDD /* Release */ = {
			isa = XCBuildConfiguration;
			buildSettings = {
				CODE_SIGN_STYLE = Automatic;
				CURRENT_PROJECT_VERSION = 1;
				DEVELOPMENT_TEAM = S5C52P9PGP;
				GENERATE_INFOPLIST_FILE = YES;
				MARKETING_VERSION = 1.0;
				PRODUCT_BUNDLE_IDENTIFIER = com.WWDC24UITests;
				PRODUCT_NAME = "$(TARGET_NAME)";
				SWIFT_EMIT_LOC_STRINGS = NO;
				SWIFT_VERSION = 5.0;
				TARGETED_DEVICE_FAMILY = "1,2";
				TEST_TARGET_NAME = WWDC24;
			};
			name = Release;
		};
/* End XCBuildConfiguration section */

/* Begin XCConfigurationList section */
		0FCE13F52C20B31500089E4C /* Build configuration list for PBXNativeTarget "ControlExtension" */ = {
			isa = XCConfigurationList;
			buildConfigurations = (
				0FCE13F32C20B31500089E4C /* Debug */,
				0FCE13F42C20B31500089E4C /* Release */,
			);
			defaultConfigurationIsVisible = 0;
			defaultConfigurationName = Release;
		};
		0FD9C0F72C17B0FB00BD3CDD /* Build configuration list for PBXProject "WWDC24" */ = {
			isa = XCConfigurationList;
			buildConfigurations = (
				0FD9C11E2C17B0FC00BD3CDD /* Debug */,
				0FD9C11F2C17B0FC00BD3CDD /* Release */,
			);
			defaultConfigurationIsVisible = 0;
			defaultConfigurationName = Release;
		};
		0FD9C1202C17B0FC00BD3CDD /* Build configuration list for PBXNativeTarget "WWDC24" */ = {
			isa = XCConfigurationList;
			buildConfigurations = (
				0FD9C1212C17B0FC00BD3CDD /* Debug */,
				0FD9C1222C17B0FC00BD3CDD /* Release */,
			);
			defaultConfigurationIsVisible = 0;
			defaultConfigurationName = Release;
		};
		0FD9C1232C17B0FC00BD3CDD /* Build configuration list for PBXNativeTarget "WWDC24Tests" */ = {
			isa = XCConfigurationList;
			buildConfigurations = (
				0FD9C1242C17B0FC00BD3CDD /* Debug */,
				0FD9C1252C17B0FC00BD3CDD /* Release */,
			);
			defaultConfigurationIsVisible = 0;
			defaultConfigurationName = Release;
		};
		0FD9C1262C17B0FC00BD3CDD /* Build configuration list for PBXNativeTarget "WWDC24UITests" */ = {
			isa = XCConfigurationList;
			buildConfigurations = (
				0FD9C1272C17B0FC00BD3CDD /* Debug */,
				0FD9C1282C17B0FC00BD3CDD /* Release */,
			);
			defaultConfigurationIsVisible = 0;
			defaultConfigurationName = Release;
		};
/* End XCConfigurationList section */
	};
	rootObject = 0FD9C0F42C17B0FB00BD3CDD /* Project object */;
}
